
Microsoft Visual Studio Solution File, Format Version 12.00
# Visual Studio Version 17
VisualStudioVersion = 17.3.32929.385
MinimumVisualStudioVersion = 10.0.40219.1
Project("{FAE04EC0-301F-11D3-BF4B-00C04F79EFBC}") = "Lab_1", "Lab_1\Lab_1.csproj", "{2D763692-CB8C-4357-8855-8097858F39BE}"
EndProject
Global
	GlobalSection(SolutionConfigurationPlatforms) = preSolution
		Debug|Any CPU = Debug|Any CPU
		Release|Any CPU = Release|Any CPU
	EndGlobalSection
	GlobalSection(ProjectConfigurationPlatforms) = postSolution
		{2D763692-CB8C-4357-8855-8097858F39BE}.Debug|Any CPU.ActiveCfg = Debug|Any CPU
		{2D763692-CB8C-4357-8855-8097858F39BE}.Debug|Any CPU.Build.0 = Debug|Any CPU
		{2D763692-CB8C-4357-8855-8097858F39BE}.Release|Any CPU.ActiveCfg = Release|Any CPU
		{2D763692-CB8C-4357-8855-8097858F39BE}.Release|Any CPU.Build.0 = Release|Any CPU
	EndGlobalSection
	GlobalSection(SolutionProperties) = preSolution
		HideSolutionNode = FALSE
	EndGlobalSection
	GlobalSection(ExtensibilityGlobals) = postSolution
		SolutionGuid = {BCCFFD85-1E0C-42D2-8BFF-E5EEDC2F12F8}
	EndGlobalSection
EndGlobal
